
Microsoft Visual Studio Solution File, Format Version 12.00
# Visual Studio 15
VisualStudioVersion = 15.0.28307.1082
MinimumVisualStudioVersion = 10.0.40219.1
Project("{FAE04EC0-301F-11D3-BF4B-00C04F79EFBC}") = "20200525 Entrega final", "20200525 Entrega final\20200525 Entrega final.csproj", "{C2346717-19D6-4A4F-8921-800F80B0D4C0}"
EndProject
Global
	GlobalSection(SolutionConfigurationPlatforms) = preSolution
		Debug|Any CPU = Debug|Any CPU
		Release|Any CPU = Release|Any CPU
	EndGlobalSection
	GlobalSection(ProjectConfigurationPlatforms) = postSolution
		{C2346717-19D6-4A4F-8921-800F80B0D4C0}.Debug|Any CPU.ActiveCfg = Debug|Any CPU
		{C2346717-19D6-4A4F-8921-800F80B0D4C0}.Debug|Any CPU.Build.0 = Debug|Any CPU
		{C2346717-19D6-4A4F-8921-800F80B0D4C0}.Release|Any CPU.ActiveCfg = Release|Any CPU
		{C2346717-19D6-4A4F-8921-800F80B0D4C0}.Release|Any CPU.Build.0 = Release|Any CPU
	EndGlobalSection
	GlobalSection(SolutionProperties) = preSolution
		HideSolutionNode = FALSE
	EndGlobalSection
	GlobalSection(ExtensibilityGlobals) = postSolution
		SolutionGuid = {6CF5E868-0749-4003-B4FB-BFA2EBD54B72}
	EndGlobalSection
EndGlobal
